// !$*UTF8*$!
{
	archiveVersion = 1;
	classes = {
	};
	objectVersion = 46;
	objects = {

/* Begin PBXBuildFile section */
		099E28D916C64EC4800D2FC4 /* FontAwesome.ttf in Resources */ = {isa = PBXBuildFile; fileRef = 1C71DCF6C8DB4E69B922FE51 /* FontAwesome.ttf */; };
		1222DB8894934FBD9AA99A50 /* Entypo.ttf in Resources */ = {isa = PBXBuildFile; fileRef = 9F751C158ABD4E2CBB1F32A2 /* Entypo.ttf */; };
		13B07FBC1A68108700A75B9A /* AppDelegate.m in Sources */ = {isa = PBXBuildFile; fileRef = 13B07FB01A68108700A75B9A /* AppDelegate.m */; };
		13B07FBD1A68108700A75B9A /* LaunchScreen.xib in Resources */ = {isa = PBXBuildFile; fileRef = 13B07FB11A68108700A75B9A /* LaunchScreen.xib */; };
		13B07FBF1A68108700A75B9A /* Images.xcassets in Resources */ = {isa = PBXBuildFile; fileRef = 13B07FB51A68108700A75B9A /* Images.xcassets */; };
		13B07FC11A68108700A75B9A /* main.m in Sources */ = {isa = PBXBuildFile; fileRef = 13B07FB71A68108700A75B9A /* main.m */; };
		13CCACAC23B45B990088D9F6 /* YGNStandardTaskViewController.m in Sources */ = {isa = PBXBuildFile; fileRef = 13CCACAB23B45B990088D9F6 /* YGNStandardTaskViewController.m */; };
		13CCACB023B4607E0088D9F6 /* YGNRNModule.m in Sources */ = {isa = PBXBuildFile; fileRef = 13CCACAF23B4607E0088D9F6 /* YGNRNModule.m */; };
		13CCACB623B461E80088D9F6 /* NSObject+XKController.m in Sources */ = {isa = PBXBuildFile; fileRef = 13CCACB323B461E70088D9F6 /* NSObject+XKController.m */; };
		13CCACB723B461E80088D9F6 /* PrintBeautifulLog.m in Sources */ = {isa = PBXBuildFile; fileRef = 13CCACB523B461E70088D9F6 /* PrintBeautifulLog.m */; };
		13CCACBE23B47CBB0088D9F6 /* ArcGIS.framework in Frameworks */ = {isa = PBXBuildFile; fileRef = 13CCACBB23B47C250088D9F6 /* ArcGIS.framework */; };
		13CCACBF23B47CBB0088D9F6 /* ArcGIS.framework in Embed Frameworks */ = {isa = PBXBuildFile; fileRef = 13CCACBB23B47C250088D9F6 /* ArcGIS.framework */; settings = {ATTRIBUTES = (CodeSignOnCopy, RemoveHeadersOnCopy, ); }; };
		13CCACC923B49BC00088D9F6 /* tianditu.json in Resources */ = {isa = PBXBuildFile; fileRef = 13CCACC423B49BC00088D9F6 /* tianditu.json */; };
		13CCACCA23B49BC00088D9F6 /* TianDiTuLayerInfo.m in Sources */ = {isa = PBXBuildFile; fileRef = 13CCACC623B49BC00088D9F6 /* TianDiTuLayerInfo.m */; };
		13CCACCB23B49BC00088D9F6 /* TianDiTuLayer.m in Sources */ = {isa = PBXBuildFile; fileRef = 13CCACC723B49BC00088D9F6 /* TianDiTuLayer.m */; };
		13CCACCE23B59B5C0088D9F6 /* YGNStandardTaskViewController+SetupSubviews.m in Sources */ = {isa = PBXBuildFile; fileRef = 13CCACCD23B59B5C0088D9F6 /* YGNStandardTaskViewController+SetupSubviews.m */; };
		13CCACD223B5B4240088D9F6 /* YNBLayerModel.m in Sources */ = {isa = PBXBuildFile; fileRef = 13CCACD023B5B4240088D9F6 /* YNBLayerModel.m */; };
		13CCACD623B5D1C00088D9F6 /* YNBMapItemView.m in Sources */ = {isa = PBXBuildFile; fileRef = 13CCACD423B5D1C00088D9F6 /* YNBMapItemView.m */; };
		13CCACD923B5D20A0088D9F6 /* YNBMapToolsView.m in Sources */ = {isa = PBXBuildFile; fileRef = 13CCACD823B5D20A0088D9F6 /* YNBMapToolsView.m */; };
		13CCACDC23B5D3550088D9F6 /* YNBStandardToolView.m in Sources */ = {isa = PBXBuildFile; fileRef = 13CCACDA23B5D3540088D9F6 /* YNBStandardToolView.m */; };
		13CCACDF23B5D4110088D9F6 /* UIColor+RGBA.m in Sources */ = {isa = PBXBuildFile; fileRef = 13CCACDD23B5D4110088D9F6 /* UIColor+RGBA.m */; };
		13CCACE223B5D9F90088D9F6 /* YGNStandardTaskViewController+setUpEditorStyle.m in Sources */ = {isa = PBXBuildFile; fileRef = 13CCACE123B5D9F90088D9F6 /* YGNStandardTaskViewController+setUpEditorStyle.m */; };
		13CCACE523B5E1FC0088D9F6 /* DDButtonView.m in Sources */ = {isa = PBXBuildFile; fileRef = 13CCACE423B5E1FC0088D9F6 /* DDButtonView.m */; };
		13CCACE923B5E6810088D9F6 /* YNBStandardTaskLengendView.m in Sources */ = {isa = PBXBuildFile; fileRef = 13CCACE823B5E6810088D9F6 /* YNBStandardTaskLengendView.m */; };
		13CCACEC23B604BE0088D9F6 /* YGNStandardTaskViewController+drawAction.m in Sources */ = {isa = PBXBuildFile; fileRef = 13CCACEB23B604BE0088D9F6 /* YGNStandardTaskViewController+drawAction.m */; };
		13CCACF023B60C1D0088D9F6 /* YNBGeometryUtil.m in Sources */ = {isa = PBXBuildFile; fileRef = 13CCACEE23B60C1D0088D9F6 /* YNBGeometryUtil.m */; };
		13CCACFE23B61AD50088D9F6 /* CRToastManager.m in Sources */ = {isa = PBXBuildFile; fileRef = 13CCACF323B61AD50088D9F6 /* CRToastManager.m */; };
		13CCACFF23B61AD50088D9F6 /* CRToastViewController.m in Sources */ = {isa = PBXBuildFile; fileRef = 13CCACF523B61AD50088D9F6 /* CRToastViewController.m */; };
		13CCAD0023B61AD50088D9F6 /* CRToastView.m in Sources */ = {isa = PBXBuildFile; fileRef = 13CCACF823B61AD50088D9F6 /* CRToastView.m */; };
		13CCAD0123B61AD50088D9F6 /* CRToastWindow.m in Sources */ = {isa = PBXBuildFile; fileRef = 13CCACFA23B61AD50088D9F6 /* CRToastWindow.m */; };
		13CCAD0223B61AD50088D9F6 /* CRToastConfig.m in Sources */ = {isa = PBXBuildFile; fileRef = 13CCACFC23B61AD50088D9F6 /* CRToastConfig.m */; };
		13EB1800A8634A5FA8B4723A /* MaterialIcons.ttf in Resources */ = {isa = PBXBuildFile; fileRef = 70E0C2313597447FBBA45095 /* MaterialIcons.ttf */; };
		265DB4B1AFA84E3EB9CAF2E8 /* AntDesign.ttf in Resources */ = {isa = PBXBuildFile; fileRef = 69F3C7951EE04DA5825E4373 /* AntDesign.ttf */; };
		3174649B3BB2407BB0058D4C /* Foundation.ttf in Resources */ = {isa = PBXBuildFile; fileRef = 8AF41128A3B34EF788F68167 /* Foundation.ttf */; };
		3DFCB2F218A249519C0725CD /* Zocial.ttf in Resources */ = {isa = PBXBuildFile; fileRef = C7D17D7A8F654C6A963FB2E1 /* Zocial.ttf */; };
		46998C82120745878BFBA765 /* Feather.ttf in Resources */ = {isa = PBXBuildFile; fileRef = 7AE581EEE0654EBDBAF7C328 /* Feather.ttf */; };
		4B5B5C34C9AC42639286C94C /* Octicons.ttf in Resources */ = {isa = PBXBuildFile; fileRef = 5C7D8FC800A94A1B94543282 /* Octicons.ttf */; };
		65C669D9215747F7ACB5B5E4 /* FontAwesome5_Solid.ttf in Resources */ = {isa = PBXBuildFile; fileRef = 16A028D4D45441FCB8193C58 /* FontAwesome5_Solid.ttf */; };
		6820713F42DB41F9AB21B806 /* Roboto.ttf in Resources */ = {isa = PBXBuildFile; fileRef = EAC3F17C04D140FDBD404B53 /* Roboto.ttf */; };
		720EA408ABE64067988E051B /* FontAwesome5_Brands.ttf in Resources */ = {isa = PBXBuildFile; fileRef = ACDAB7F74A024E30A57EA822 /* FontAwesome5_Brands.ttf */; };
		78DF35B367684AB5B7E0F08A /* EvilIcons.ttf in Resources */ = {isa = PBXBuildFile; fileRef = 5FB76BB8B8804E43AF97853E /* EvilIcons.ttf */; };
		8A80B14EBD8A444CBCBCEE73 /* antfill.ttf in Resources */ = {isa = PBXBuildFile; fileRef = 96E22C080CEB402D8B2BAE34 /* antfill.ttf */; };
		975B185DA50D4DEEAE12112B /* antoutline.ttf in Resources */ = {isa = PBXBuildFile; fileRef = 9253F16290B2442ABD865296 /* antoutline.ttf */; };
		97754C0CFAA24CF58C677D87 /* Fontisto.ttf in Resources */ = {isa = PBXBuildFile; fileRef = BDFAAF6C4E5F4740B1D7F063 /* Fontisto.ttf */; };
		97E93AC3CFC948D2AAC5E5F6 /* SimpleLineIcons.ttf in Resources */ = {isa = PBXBuildFile; fileRef = 73BAE56F0D044923AABD82CB /* SimpleLineIcons.ttf */; };
		A0C82F3203FC4B18AF3D9B92 /* Roboto_medium.ttf in Resources */ = {isa = PBXBuildFile; fileRef = 086516FA5B2C4831B04F6897 /* Roboto_medium.ttf */; };
		A817A2CDFCB94C69B009F835 /* Ionicons.ttf in Resources */ = {isa = PBXBuildFile; fileRef = EAB2B58DD86B4A12B6700F67 /* Ionicons.ttf */; };
		AB7518872FDF441992DBEFB9 /* FontAwesome5_Regular.ttf in Resources */ = {isa = PBXBuildFile; fileRef = 7CEFD97EAD4247558531C0F2 /* FontAwesome5_Regular.ttf */; };
		AD94E68B77064E43B5C05F24 /* MaterialCommunityIcons.ttf in Resources */ = {isa = PBXBuildFile; fileRef = 38FF59DC41CC4F89BD143906 /* MaterialCommunityIcons.ttf */; };
		F3A655B8DE27E3D2A2E8267B /* libPods-SunShineRN.a in Frameworks */ = {isa = PBXBuildFile; fileRef = D4F7BBD9635106D5D3485572 /* libPods-SunShineRN.a */; };
		F6693ECF48D94C9D86B2BF42 /* rubicon-icon-font.ttf in Resources */ = {isa = PBXBuildFile; fileRef = F9452035A6CB448E8789097B /* rubicon-icon-font.ttf */; };
/* End PBXBuildFile section */

/* Begin PBXCopyFilesBuildPhase section */
		13CCACC023B47CBB0088D9F6 /* Embed Frameworks */ = {
			isa = PBXCopyFilesBuildPhase;
			buildActionMask = 2147483647;
			dstPath = "";
			dstSubfolderSpec = 10;
			files = (
				13CCACBF23B47CBB0088D9F6 /* ArcGIS.framework in Embed Frameworks */,
			);
			name = "Embed Frameworks";
			runOnlyForDeploymentPostprocessing = 0;
		};
/* End PBXCopyFilesBuildPhase section */

/* Begin PBXFileReference section */
		00E356F11AD99517003FC87E /* Info.plist */ = {isa = PBXFileReference; lastKnownFileType = text.plist.xml; path = Info.plist; sourceTree = "<group>"; };
		00E356F21AD99517003FC87E /* SunShineRNTests.m */ = {isa = PBXFileReference; lastKnownFileType = sourcecode.c.objc; path = SunShineRNTests.m; sourceTree = "<group>"; };
		01972F543EEC4AA7A8F089A4 /* SimpleLineIcons.ttf */ = {isa = PBXFileReference; explicitFileType = undefined; fileEncoding = 9; includeInIndex = 0; lastKnownFileType = unknown; name = SimpleLineIcons.ttf; path = "../node_modules/react-native-vector-icons/Fonts/SimpleLineIcons.ttf"; sourceTree = "<group>"; };
		086516FA5B2C4831B04F6897 /* Roboto_medium.ttf */ = {isa = PBXFileReference; explicitFileType = undefined; fileEncoding = 9; includeInIndex = 0; lastKnownFileType = unknown; name = Roboto_medium.ttf; path = "../node_modules/native-base/Fonts/Roboto_medium.ttf"; sourceTree = "<group>"; };
		132B4C215A2862C0F4654CCF /* Pods-SunShineRN-tvOSTests.debug.xcconfig */ = {isa = PBXFileReference; includeInIndex = 1; lastKnownFileType = text.xcconfig; name = "Pods-SunShineRN-tvOSTests.debug.xcconfig"; path = "Target Support Files/Pods-SunShineRN-tvOSTests/Pods-SunShineRN-tvOSTests.debug.xcconfig"; sourceTree = "<group>"; };
		13B07F961A680F5B00A75B9A /* SunShineRN.app */ = {isa = PBXFileReference; explicitFileType = wrapper.application; includeInIndex = 0; path = SunShineRN.app; sourceTree = BUILT_PRODUCTS_DIR; };
		13B07FAF1A68108700A75B9A /* AppDelegate.h */ = {isa = PBXFileReference; fileEncoding = 4; lastKnownFileType = sourcecode.c.h; name = AppDelegate.h; path = SunShineRN/AppDelegate.h; sourceTree = "<group>"; };
		13B07FB01A68108700A75B9A /* AppDelegate.m */ = {isa = PBXFileReference; fileEncoding = 4; lastKnownFileType = sourcecode.c.objc; name = AppDelegate.m; path = SunShineRN/AppDelegate.m; sourceTree = "<group>"; };
		13B07FB21A68108700A75B9A /* Base */ = {isa = PBXFileReference; lastKnownFileType = file.xib; name = Base; path = Base.lproj/LaunchScreen.xib; sourceTree = "<group>"; };
		13B07FB51A68108700A75B9A /* Images.xcassets */ = {isa = PBXFileReference; lastKnownFileType = folder.assetcatalog; name = Images.xcassets; path = SunShineRN/Images.xcassets; sourceTree = "<group>"; };
		13B07FB61A68108700A75B9A /* Info.plist */ = {isa = PBXFileReference; fileEncoding = 4; lastKnownFileType = text.plist.xml; name = Info.plist; path = SunShineRN/Info.plist; sourceTree = "<group>"; };
		13B07FB71A68108700A75B9A /* main.m */ = {isa = PBXFileReference; fileEncoding = 4; lastKnownFileType = sourcecode.c.objc; name = main.m; path = SunShineRN/main.m; sourceTree = "<group>"; };
		13CCACAA23B45B990088D9F6 /* YGNStandardTaskViewController.h */ = {isa = PBXFileReference; lastKnownFileType = sourcecode.c.h; path = YGNStandardTaskViewController.h; sourceTree = "<group>"; };
		13CCACAB23B45B990088D9F6 /* YGNStandardTaskViewController.m */ = {isa = PBXFileReference; lastKnownFileType = sourcecode.c.objc; path = YGNStandardTaskViewController.m; sourceTree = "<group>"; };
		13CCACAE23B4607E0088D9F6 /* YGNRNModule.h */ = {isa = PBXFileReference; lastKnownFileType = sourcecode.c.h; path = YGNRNModule.h; sourceTree = "<group>"; };
		13CCACAF23B4607E0088D9F6 /* YGNRNModule.m */ = {isa = PBXFileReference; lastKnownFileType = sourcecode.c.objc; path = YGNRNModule.m; sourceTree = "<group>"; };
		13CCACB223B461E70088D9F6 /* PrintBeautifulLog.h */ = {isa = PBXFileReference; fileEncoding = 4; lastKnownFileType = sourcecode.c.h; path = PrintBeautifulLog.h; sourceTree = "<group>"; };
		13CCACB323B461E70088D9F6 /* NSObject+XKController.m */ = {isa = PBXFileReference; fileEncoding = 4; lastKnownFileType = sourcecode.c.objc; path = "NSObject+XKController.m"; sourceTree = "<group>"; };
		13CCACB423B461E70088D9F6 /* NSObject+XKController.h */ = {isa = PBXFileReference; fileEncoding = 4; lastKnownFileType = sourcecode.c.h; path = "NSObject+XKController.h"; sourceTree = "<group>"; };
		13CCACB523B461E70088D9F6 /* PrintBeautifulLog.m */ = {isa = PBXFileReference; fileEncoding = 4; lastKnownFileType = sourcecode.c.objc; path = PrintBeautifulLog.m; sourceTree = "<group>"; };
		13CCACBB23B47C250088D9F6 /* ArcGIS.framework */ = {isa = PBXFileReference; lastKnownFileType = wrapper.framework; name = ArcGIS.framework; path = ../../../Library/SDKs/ArcGIS/iOS/Frameworks/Dynamic/ArcGIS.framework; sourceTree = "<group>"; };
		13CCACC423B49BC00088D9F6 /* tianditu.json */ = {isa = PBXFileReference; fileEncoding = 4; lastKnownFileType = text.json; path = tianditu.json; sourceTree = "<group>"; };
		13CCACC523B49BC00088D9F6 /* TianDiTuLayer.h */ = {isa = PBXFileReference; fileEncoding = 4; lastKnownFileType = sourcecode.c.h; path = TianDiTuLayer.h; sourceTree = "<group>"; };
		13CCACC623B49BC00088D9F6 /* TianDiTuLayerInfo.m */ = {isa = PBXFileReference; fileEncoding = 4; lastKnownFileType = sourcecode.c.objc; path = TianDiTuLayerInfo.m; sourceTree = "<group>"; };
		13CCACC723B49BC00088D9F6 /* TianDiTuLayer.m */ = {isa = PBXFileReference; fileEncoding = 4; lastKnownFileType = sourcecode.c.objc; path = TianDiTuLayer.m; sourceTree = "<group>"; };
		13CCACC823B49BC00088D9F6 /* TianDiTuLayerInfo.h */ = {isa = PBXFileReference; fileEncoding = 4; lastKnownFileType = sourcecode.c.h; path = TianDiTuLayerInfo.h; sourceTree = "<group>"; };
		13CCACCC23B59B5C0088D9F6 /* YGNStandardTaskViewController+SetupSubviews.h */ = {isa = PBXFileReference; lastKnownFileType = sourcecode.c.h; path = "YGNStandardTaskViewController+SetupSubviews.h"; sourceTree = "<group>"; };
		13CCACCD23B59B5C0088D9F6 /* YGNStandardTaskViewController+SetupSubviews.m */ = {isa = PBXFileReference; lastKnownFileType = sourcecode.c.objc; path = "YGNStandardTaskViewController+SetupSubviews.m"; sourceTree = "<group>"; };
		13CCACD023B5B4240088D9F6 /* YNBLayerModel.m */ = {isa = PBXFileReference; fileEncoding = 4; lastKnownFileType = sourcecode.c.objc; path = YNBLayerModel.m; sourceTree = "<group>"; };
		13CCACD123B5B4240088D9F6 /* YNBLayerModel.h */ = {isa = PBXFileReference; fileEncoding = 4; lastKnownFileType = sourcecode.c.h; path = YNBLayerModel.h; sourceTree = "<group>"; };
		13CCACD423B5D1C00088D9F6 /* YNBMapItemView.m */ = {isa = PBXFileReference; fileEncoding = 4; lastKnownFileType = sourcecode.c.objc; path = YNBMapItemView.m; sourceTree = "<group>"; };
		13CCACD523B5D1C00088D9F6 /* YNBMapItemView.h */ = {isa = PBXFileReference; fileEncoding = 4; lastKnownFileType = sourcecode.c.h; path = YNBMapItemView.h; sourceTree = "<group>"; };
		13CCACD723B5D20A0088D9F6 /* YNBMapToolsView.h */ = {isa = PBXFileReference; fileEncoding = 4; lastKnownFileType = sourcecode.c.h; path = YNBMapToolsView.h; sourceTree = "<group>"; };
		13CCACD823B5D20A0088D9F6 /* YNBMapToolsView.m */ = {isa = PBXFileReference; fileEncoding = 4; lastKnownFileType = sourcecode.c.objc; path = YNBMapToolsView.m; sourceTree = "<group>"; };
		13CCACDA23B5D3540088D9F6 /* YNBStandardToolView.m */ = {isa = PBXFileReference; fileEncoding = 4; lastKnownFileType = sourcecode.c.objc; path = YNBStandardToolView.m; sourceTree = "<group>"; };
		13CCACDB23B5D3550088D9F6 /* YNBStandardToolView.h */ = {isa = PBXFileReference; fileEncoding = 4; lastKnownFileType = sourcecode.c.h; path = YNBStandardToolView.h; sourceTree = "<group>"; };
		13CCACDD23B5D4110088D9F6 /* UIColor+RGBA.m */ = {isa = PBXFileReference; fileEncoding = 4; lastKnownFileType = sourcecode.c.objc; path = "UIColor+RGBA.m"; sourceTree = "<group>"; };
		13CCACDE23B5D4110088D9F6 /* UIColor+RGBA.h */ = {isa = PBXFileReference; fileEncoding = 4; lastKnownFileType = sourcecode.c.h; path = "UIColor+RGBA.h"; sourceTree = "<group>"; };
		13CCACE023B5D9F90088D9F6 /* YGNStandardTaskViewController+setUpEditorStyle.h */ = {isa = PBXFileReference; lastKnownFileType = sourcecode.c.h; path = "YGNStandardTaskViewController+setUpEditorStyle.h"; sourceTree = "<group>"; };
		13CCACE123B5D9F90088D9F6 /* YGNStandardTaskViewController+setUpEditorStyle.m */ = {isa = PBXFileReference; lastKnownFileType = sourcecode.c.objc; path = "YGNStandardTaskViewController+setUpEditorStyle.m"; sourceTree = "<group>"; };
		13CCACE323B5E1FB0088D9F6 /* DDButtonView.h */ = {isa = PBXFileReference; fileEncoding = 4; lastKnownFileType = sourcecode.c.h; path = DDButtonView.h; sourceTree = "<group>"; };
		13CCACE423B5E1FC0088D9F6 /* DDButtonView.m */ = {isa = PBXFileReference; fileEncoding = 4; lastKnownFileType = sourcecode.c.objc; path = DDButtonView.m; sourceTree = "<group>"; };
		13CCACE623B5E37E0088D9F6 /* Sunshine_PrefixHeader.pch */ = {isa = PBXFileReference; lastKnownFileType = sourcecode.c.h; name = Sunshine_PrefixHeader.pch; path = SunShineRN/Sunshine_PrefixHeader.pch; sourceTree = "<group>"; };
		13CCACE723B5E6810088D9F6 /* YNBStandardTaskLengendView.h */ = {isa = PBXFileReference; fileEncoding = 4; lastKnownFileType = sourcecode.c.h; path = YNBStandardTaskLengendView.h; sourceTree = "<group>"; };
		13CCACE823B5E6810088D9F6 /* YNBStandardTaskLengendView.m */ = {isa = PBXFileReference; fileEncoding = 4; lastKnownFileType = sourcecode.c.objc; path = YNBStandardTaskLengendView.m; sourceTree = "<group>"; };
		13CCACEA23B604BE0088D9F6 /* YGNStandardTaskViewController+drawAction.h */ = {isa = PBXFileReference; lastKnownFileType = sourcecode.c.h; path = "YGNStandardTaskViewController+drawAction.h"; sourceTree = "<group>"; };
		13CCACEB23B604BE0088D9F6 /* YGNStandardTaskViewController+drawAction.m */ = {isa = PBXFileReference; lastKnownFileType = sourcecode.c.objc; path = "YGNStandardTaskViewController+drawAction.m"; sourceTree = "<group>"; };
		13CCACEE23B60C1D0088D9F6 /* YNBGeometryUtil.m */ = {isa = PBXFileReference; fileEncoding = 4; lastKnownFileType = sourcecode.c.objc; path = YNBGeometryUtil.m; sourceTree = "<group>"; };
		13CCACEF23B60C1D0088D9F6 /* YNBGeometryUtil.h */ = {isa = PBXFileReference; fileEncoding = 4; lastKnownFileType = sourcecode.c.h; path = YNBGeometryUtil.h; sourceTree = "<group>"; };
		13CCACF223B61AD50088D9F6 /* CRToastWindow.h */ = {isa = PBXFileReference; fileEncoding = 4; lastKnownFileType = sourcecode.c.h; path = CRToastWindow.h; sourceTree = "<group>"; };
		13CCACF323B61AD50088D9F6 /* CRToastManager.m */ = {isa = PBXFileReference; fileEncoding = 4; lastKnownFileType = sourcecode.c.objc; path = CRToastManager.m; sourceTree = "<group>"; };
		13CCACF423B61AD50088D9F6 /* CRToastView.h */ = {isa = PBXFileReference; fileEncoding = 4; lastKnownFileType = sourcecode.c.h; path = CRToastView.h; sourceTree = "<group>"; };
		13CCACF523B61AD50088D9F6 /* CRToastViewController.m */ = {isa = PBXFileReference; fileEncoding = 4; lastKnownFileType = sourcecode.c.objc; path = CRToastViewController.m; sourceTree = "<group>"; };
		13CCACF623B61AD50088D9F6 /* CRToastConfig.h */ = {isa = PBXFileReference; fileEncoding = 4; lastKnownFileType = sourcecode.c.h; path = CRToastConfig.h; sourceTree = "<group>"; };
		13CCACF723B61AD50088D9F6 /* CRToast.h */ = {isa = PBXFileReference; fileEncoding = 4; lastKnownFileType = sourcecode.c.h; path = CRToast.h; sourceTree = "<group>"; };
		13CCACF823B61AD50088D9F6 /* CRToastView.m */ = {isa = PBXFileReference; fileEncoding = 4; lastKnownFileType = sourcecode.c.objc; path = CRToastView.m; sourceTree = "<group>"; };
		13CCACF923B61AD50088D9F6 /* CRToastManager.h */ = {isa = PBXFileReference; fileEncoding = 4; lastKnownFileType = sourcecode.c.h; path = CRToastManager.h; sourceTree = "<group>"; };
		13CCACFA23B61AD50088D9F6 /* CRToastWindow.m */ = {isa = PBXFileReference; fileEncoding = 4; lastKnownFileType = sourcecode.c.objc; path = CRToastWindow.m; sourceTree = "<group>"; };
		13CCACFB23B61AD50088D9F6 /* CRToastLayoutHelpers.h */ = {isa = PBXFileReference; fileEncoding = 4; lastKnownFileType = sourcecode.c.h; path = CRToastLayoutHelpers.h; sourceTree = "<group>"; };
		13CCACFC23B61AD50088D9F6 /* CRToastConfig.m */ = {isa = PBXFileReference; fileEncoding = 4; lastKnownFileType = sourcecode.c.objc; path = CRToastConfig.m; sourceTree = "<group>"; };
		13CCACFD23B61AD50088D9F6 /* CRToastViewController.h */ = {isa = PBXFileReference; fileEncoding = 4; lastKnownFileType = sourcecode.c.h; path = CRToastViewController.h; sourceTree = "<group>"; };
		16A028D4D45441FCB8193C58 /* FontAwesome5_Solid.ttf */ = {isa = PBXFileReference; explicitFileType = undefined; fileEncoding = 9; includeInIndex = 0; lastKnownFileType = unknown; name = FontAwesome5_Solid.ttf; path = "../node_modules/native-base/Fonts/FontAwesome5_Solid.ttf"; sourceTree = "<group>"; };
		1C71DCF6C8DB4E69B922FE51 /* FontAwesome.ttf */ = {isa = PBXFileReference; explicitFileType = undefined; fileEncoding = 9; includeInIndex = 0; lastKnownFileType = unknown; name = FontAwesome.ttf; path = "../node_modules/native-base/Fonts/FontAwesome.ttf"; sourceTree = "<group>"; };
		22C834CE200E43E09905A686 /* Zocial.ttf */ = {isa = PBXFileReference; explicitFileType = undefined; fileEncoding = 9; includeInIndex = 0; lastKnownFileType = unknown; name = Zocial.ttf; path = "../node_modules/react-native-vector-icons/Fonts/Zocial.ttf"; sourceTree = "<group>"; };
		29E572060F30AF9E2AD2A7D9 /* Pods-SunShineRN.debug.xcconfig */ = {isa = PBXFileReference; includeInIndex = 1; lastKnownFileType = text.xcconfig; name = "Pods-SunShineRN.debug.xcconfig"; path = "Target Support Files/Pods-SunShineRN/Pods-SunShineRN.debug.xcconfig"; sourceTree = "<group>"; };
		2DF620838487298FF1BF368D /* Pods-SunShineRNTests.release.xcconfig */ = {isa = PBXFileReference; includeInIndex = 1; lastKnownFileType = text.xcconfig; name = "Pods-SunShineRNTests.release.xcconfig"; path = "Target Support Files/Pods-SunShineRNTests/Pods-SunShineRNTests.release.xcconfig"; sourceTree = "<group>"; };
		3483A210E494B8B2DA63A135 /* Pods-SunShineRN.release.xcconfig */ = {isa = PBXFileReference; includeInIndex = 1; lastKnownFileType = text.xcconfig; name = "Pods-SunShineRN.release.xcconfig"; path = "Target Support Files/Pods-SunShineRN/Pods-SunShineRN.release.xcconfig"; sourceTree = "<group>"; };
		38FF59DC41CC4F89BD143906 /* MaterialCommunityIcons.ttf */ = {isa = PBXFileReference; explicitFileType = undefined; fileEncoding = 9; includeInIndex = 0; lastKnownFileType = unknown; name = MaterialCommunityIcons.ttf; path = "../node_modules/native-base/Fonts/MaterialCommunityIcons.ttf"; sourceTree = "<group>"; };
		461CFB4D5B732533573C3EBA /* Pods-SunShineRN-tvOS.debug.xcconfig */ = {isa = PBXFileReference; includeInIndex = 1; lastKnownFileType = text.xcconfig; name = "Pods-SunShineRN-tvOS.debug.xcconfig"; path = "Target Support Files/Pods-SunShineRN-tvOS/Pods-SunShineRN-tvOS.debug.xcconfig"; sourceTree = "<group>"; };
		4ACCDB2DB16E44DA9253969D /* Octicons.ttf */ = {isa = PBXFileReference; explicitFileType = undefined; fileEncoding = 9; includeInIndex = 0; lastKnownFileType = unknown; name = Octicons.ttf; path = "../node_modules/react-native-vector-icons/Fonts/Octicons.ttf"; sourceTree = "<group>"; };
		51A525B4CB2941009BCB31A7 /* Entypo.ttf */ = {isa = PBXFileReference; explicitFileType = undefined; fileEncoding = 9; includeInIndex = 0; lastKnownFileType = unknown; name = Entypo.ttf; path = "../node_modules/react-native-vector-icons/Fonts/Entypo.ttf"; sourceTree = "<group>"; };
		5C7D8FC800A94A1B94543282 /* Octicons.ttf */ = {isa = PBXFileReference; explicitFileType = undefined; fileEncoding = 9; includeInIndex = 0; lastKnownFileType = unknown; name = Octicons.ttf; path = "../node_modules/native-base/Fonts/Octicons.ttf"; sourceTree = "<group>"; };
		5FB76BB8B8804E43AF97853E /* EvilIcons.ttf */ = {isa = PBXFileReference; explicitFileType = undefined; fileEncoding = 9; includeInIndex = 0; lastKnownFileType = unknown; name = EvilIcons.ttf; path = "../node_modules/native-base/Fonts/EvilIcons.ttf"; sourceTree = "<group>"; };
		60250189BC8148FAA7A2D02D /* Feather.ttf */ = {isa = PBXFileReference; explicitFileType = undefined; fileEncoding = 9; includeInIndex = 0; lastKnownFileType = unknown; name = Feather.ttf; path = "../node_modules/react-native-vector-icons/Fonts/Feather.ttf"; sourceTree = "<group>"; };
		69F3C7951EE04DA5825E4373 /* AntDesign.ttf */ = {isa = PBXFileReference; explicitFileType = undefined; fileEncoding = 9; includeInIndex = 0; lastKnownFileType = unknown; name = AntDesign.ttf; path = "../node_modules/native-base/Fonts/AntDesign.ttf"; sourceTree = "<group>"; };
		70E0C2313597447FBBA45095 /* MaterialIcons.ttf */ = {isa = PBXFileReference; explicitFileType = undefined; fileEncoding = 9; includeInIndex = 0; lastKnownFileType = unknown; name = MaterialIcons.ttf; path = "../node_modules/native-base/Fonts/MaterialIcons.ttf"; sourceTree = "<group>"; };
		73BAE56F0D044923AABD82CB /* SimpleLineIcons.ttf */ = {isa = PBXFileReference; explicitFileType = undefined; fileEncoding = 9; includeInIndex = 0; lastKnownFileType = unknown; name = SimpleLineIcons.ttf; path = "../node_modules/native-base/Fonts/SimpleLineIcons.ttf"; sourceTree = "<group>"; };
		7AE581EEE0654EBDBAF7C328 /* Feather.ttf */ = {isa = PBXFileReference; explicitFileType = undefined; fileEncoding = 9; includeInIndex = 0; lastKnownFileType = unknown; name = Feather.ttf; path = "../node_modules/native-base/Fonts/Feather.ttf"; sourceTree = "<group>"; };
		7C1DF867AD5C4805810A34A1 /* EvilIcons.ttf */ = {isa = PBXFileReference; explicitFileType = undefined; fileEncoding = 9; includeInIndex = 0; lastKnownFileType = unknown; name = EvilIcons.ttf; path = "../node_modules/react-native-vector-icons/Fonts/EvilIcons.ttf"; sourceTree = "<group>"; };
		7CEFD97EAD4247558531C0F2 /* FontAwesome5_Regular.ttf */ = {isa = PBXFileReference; explicitFileType = undefined; fileEncoding = 9; includeInIndex = 0; lastKnownFileType = unknown; name = FontAwesome5_Regular.ttf; path = "../node_modules/native-base/Fonts/FontAwesome5_Regular.ttf"; sourceTree = "<group>"; };
		7E700AFA17B67D5357512BB3 /* Pods-SunShineRN-tvOS.release.xcconfig */ = {isa = PBXFileReference; includeInIndex = 1; lastKnownFileType = text.xcconfig; name = "Pods-SunShineRN-tvOS.release.xcconfig"; path = "Target Support Files/Pods-SunShineRN-tvOS/Pods-SunShineRN-tvOS.release.xcconfig"; sourceTree = "<group>"; };
		8AF41128A3B34EF788F68167 /* Foundation.ttf */ = {isa = PBXFileReference; explicitFileType = undefined; fileEncoding = 9; includeInIndex = 0; lastKnownFileType = unknown; name = Foundation.ttf; path = "../node_modules/native-base/Fonts/Foundation.ttf"; sourceTree = "<group>"; };
		8B8F4AB00843E7A6201D2871 /* libPods-SunShineRNTests.a */ = {isa = PBXFileReference; explicitFileType = archive.ar; includeInIndex = 0; path = "libPods-SunShineRNTests.a"; sourceTree = BUILT_PRODUCTS_DIR; };
		8BC262A3EC6699B1F33B6E44 /* Pods-SunShineRNTests.debug.xcconfig */ = {isa = PBXFileReference; includeInIndex = 1; lastKnownFileType = text.xcconfig; name = "Pods-SunShineRNTests.debug.xcconfig"; path = "Target Support Files/Pods-SunShineRNTests/Pods-SunShineRNTests.debug.xcconfig"; sourceTree = "<group>"; };
		9253F16290B2442ABD865296 /* antoutline.ttf */ = {isa = PBXFileReference; explicitFileType = undefined; fileEncoding = 9; includeInIndex = 0; lastKnownFileType = unknown; name = antoutline.ttf; path = "../node_modules/@ant-design/icons-react-native/fonts/antoutline.ttf"; sourceTree = "<group>"; };
		96E22C080CEB402D8B2BAE34 /* antfill.ttf */ = {isa = PBXFileReference; explicitFileType = undefined; fileEncoding = 9; includeInIndex = 0; lastKnownFileType = unknown; name = antfill.ttf; path = "../node_modules/@ant-design/icons-react-native/fonts/antfill.ttf"; sourceTree = "<group>"; };
		9F751C158ABD4E2CBB1F32A2 /* Entypo.ttf */ = {isa = PBXFileReference; explicitFileType = undefined; fileEncoding = 9; includeInIndex = 0; lastKnownFileType = unknown; name = Entypo.ttf; path = "../node_modules/native-base/Fonts/Entypo.ttf"; sourceTree = "<group>"; };
		A14C8A4BA3464B71B95FC750 /* MaterialCommunityIcons.ttf */ = {isa = PBXFileReference; explicitFileType = undefined; fileEncoding = 9; includeInIndex = 0; lastKnownFileType = unknown; name = MaterialCommunityIcons.ttf; path = "../node_modules/react-native-vector-icons/Fonts/MaterialCommunityIcons.ttf"; sourceTree = "<group>"; };
		A7DA406B0968E74222642D6A /* libPods-SunShineRN-tvOSTests.a */ = {isa = PBXFileReference; explicitFileType = archive.ar; includeInIndex = 0; path = "libPods-SunShineRN-tvOSTests.a"; sourceTree = BUILT_PRODUCTS_DIR; };
		ACDAB7F74A024E30A57EA822 /* FontAwesome5_Brands.ttf */ = {isa = PBXFileReference; explicitFileType = undefined; fileEncoding = 9; includeInIndex = 0; lastKnownFileType = unknown; name = FontAwesome5_Brands.ttf; path = "../node_modules/native-base/Fonts/FontAwesome5_Brands.ttf"; sourceTree = "<group>"; };
		BDFAAF6C4E5F4740B1D7F063 /* Fontisto.ttf */ = {isa = PBXFileReference; explicitFileType = undefined; fileEncoding = 9; includeInIndex = 0; lastKnownFileType = unknown; name = Fontisto.ttf; path = "../node_modules/native-base/Fonts/Fontisto.ttf"; sourceTree = "<group>"; };
		C300AC55484F4D76BEF2EF2C /* Ionicons.ttf */ = {isa = PBXFileReference; explicitFileType = undefined; fileEncoding = 9; includeInIndex = 0; lastKnownFileType = unknown; name = Ionicons.ttf; path = "../node_modules/react-native-vector-icons/Fonts/Ionicons.ttf"; sourceTree = "<group>"; };
		C4A718D75AE74471896FB569 /* FontAwesome.ttf */ = {isa = PBXFileReference; explicitFileType = undefined; fileEncoding = 9; includeInIndex = 0; lastKnownFileType = unknown; name = FontAwesome.ttf; path = "../node_modules/react-native-vector-icons/Fonts/FontAwesome.ttf"; sourceTree = "<group>"; };
		C7D17D7A8F654C6A963FB2E1 /* Zocial.ttf */ = {isa = PBXFileReference; explicitFileType = undefined; fileEncoding = 9; includeInIndex = 0; lastKnownFileType = unknown; name = Zocial.ttf; path = "../node_modules/native-base/Fonts/Zocial.ttf"; sourceTree = "<group>"; };
		C8B78B7267EF3AA94086A97B /* libPods-SunShineRN-tvOS.a */ = {isa = PBXFileReference; explicitFileType = archive.ar; includeInIndex = 0; path = "libPods-SunShineRN-tvOS.a"; sourceTree = BUILT_PRODUCTS_DIR; };
		CAECE24E65344ABCB3EB0C69 /* MaterialIcons.ttf */ = {isa = PBXFileReference; explicitFileType = undefined; fileEncoding = 9; includeInIndex = 0; lastKnownFileType = unknown; name = MaterialIcons.ttf; path = "../node_modules/react-native-vector-icons/Fonts/MaterialIcons.ttf"; sourceTree = "<group>"; };
		D4F7BBD9635106D5D3485572 /* libPods-SunShineRN.a */ = {isa = PBXFileReference; explicitFileType = archive.ar; includeInIndex = 0; path = "libPods-SunShineRN.a"; sourceTree = BUILT_PRODUCTS_DIR; };
		D9BB9262ECB8A75C1FCCB6B3 /* Pods-SunShineRN-tvOSTests.release.xcconfig */ = {isa = PBXFileReference; includeInIndex = 1; lastKnownFileType = text.xcconfig; name = "Pods-SunShineRN-tvOSTests.release.xcconfig"; path = "Target Support Files/Pods-SunShineRN-tvOSTests/Pods-SunShineRN-tvOSTests.release.xcconfig"; sourceTree = "<group>"; };
		EAB2B58DD86B4A12B6700F67 /* Ionicons.ttf */ = {isa = PBXFileReference; explicitFileType = undefined; fileEncoding = 9; includeInIndex = 0; lastKnownFileType = unknown; name = Ionicons.ttf; path = "../node_modules/native-base/Fonts/Ionicons.ttf"; sourceTree = "<group>"; };
		EAC3F17C04D140FDBD404B53 /* Roboto.ttf */ = {isa = PBXFileReference; explicitFileType = undefined; fileEncoding = 9; includeInIndex = 0; lastKnownFileType = unknown; name = Roboto.ttf; path = "../node_modules/native-base/Fonts/Roboto.ttf"; sourceTree = "<group>"; };
		ED297162215061F000B7C4FE /* JavaScriptCore.framework */ = {isa = PBXFileReference; lastKnownFileType = wrapper.framework; name = JavaScriptCore.framework; path = System/Library/Frameworks/JavaScriptCore.framework; sourceTree = SDKROOT; };
		ED2971642150620600B7C4FE /* JavaScriptCore.framework */ = {isa = PBXFileReference; lastKnownFileType = wrapper.framework; name = JavaScriptCore.framework; path = Platforms/AppleTVOS.platform/Developer/SDKs/AppleTVOS12.0.sdk/System/Library/Frameworks/JavaScriptCore.framework; sourceTree = DEVELOPER_DIR; };
		F9452035A6CB448E8789097B /* rubicon-icon-font.ttf */ = {isa = PBXFileReference; explicitFileType = undefined; fileEncoding = 9; includeInIndex = 0; lastKnownFileType = unknown; name = "rubicon-icon-font.ttf"; path = "../node_modules/native-base/Fonts/rubicon-icon-font.ttf"; sourceTree = "<group>"; };
		FB8CCF54C7114D41923F9318 /* Foundation.ttf */ = {isa = PBXFileReference; explicitFileType = undefined; fileEncoding = 9; includeInIndex = 0; lastKnownFileType = unknown; name = Foundation.ttf; path = "../node_modules/react-native-vector-icons/Fonts/Foundation.ttf"; sourceTree = "<group>"; };
/* End PBXFileReference section */

/* Begin PBXFrameworksBuildPhase section */
		13B07F8C1A680F5B00A75B9A /* Frameworks */ = {
			isa = PBXFrameworksBuildPhase;
			buildActionMask = 2147483647;
			files = (
				F3A655B8DE27E3D2A2E8267B /* libPods-SunShineRN.a in Frameworks */,
				13CCACBE23B47CBB0088D9F6 /* ArcGIS.framework in Frameworks */,
			);
			runOnlyForDeploymentPostprocessing = 0;
		};
/* End PBXFrameworksBuildPhase section */

/* Begin PBXGroup section */
		00E356EF1AD99517003FC87E /* SunShineRNTests */ = {
			isa = PBXGroup;
			children = (
				00E356F21AD99517003FC87E /* SunShineRNTests.m */,
				00E356F01AD99517003FC87E /* Supporting Files */,
			);
			path = SunShineRNTests;
			sourceTree = "<group>";
		};
		00E356F01AD99517003FC87E /* Supporting Files */ = {
			isa = PBXGroup;
			children = (
				00E356F11AD99517003FC87E /* Info.plist */,
			);
			name = "Supporting Files";
			sourceTree = "<group>";
		};
		13B07FAE1A68108700A75B9A /* SunShineRN */ = {
			isa = PBXGroup;
			children = (
				13CCACED23B60BCB0088D9F6 /* utils */,
				13CCACCF23B5B3E40088D9F6 /* model */,
				13CCACC223B49BB20088D9F6 /* API */,
				13CCACB123B461E70088D9F6 /* PrintBeautifulLog */,
				13CCACA823B4597D0088D9F6 /* viewController */,
				13B07FAF1A68108700A75B9A /* AppDelegate.h */,
				13B07FB01A68108700A75B9A /* AppDelegate.m */,
				13CCACE623B5E37E0088D9F6 /* Sunshine_PrefixHeader.pch */,
				13B07FB51A68108700A75B9A /* Images.xcassets */,
				13B07FB61A68108700A75B9A /* Info.plist */,
				13B07FB11A68108700A75B9A /* LaunchScreen.xib */,
				13B07FB71A68108700A75B9A /* main.m */,
			);
			name = SunShineRN;
			sourceTree = "<group>";
		};
		13CCACA823B4597D0088D9F6 /* viewController */ = {
			isa = PBXGroup;
			children = (
				13CCACAD23B460600088D9F6 /* RNModules */,
				13CCACA923B4597D0088D9F6 /* standard */,
			);
			name = viewController;
			path = SunShineRN/viewController;
			sourceTree = "<group>";
		};
		13CCACA923B4597D0088D9F6 /* standard */ = {
			isa = PBXGroup;
			children = (
				13CCACD323B5D18A0088D9F6 /* Views */,
				13CCACAA23B45B990088D9F6 /* YGNStandardTaskViewController.h */,
				13CCACAB23B45B990088D9F6 /* YGNStandardTaskViewController.m */,
				13CCACCC23B59B5C0088D9F6 /* YGNStandardTaskViewController+SetupSubviews.h */,
				13CCACCD23B59B5C0088D9F6 /* YGNStandardTaskViewController+SetupSubviews.m */,
				13CCACE023B5D9F90088D9F6 /* YGNStandardTaskViewController+setUpEditorStyle.h */,
				13CCACE123B5D9F90088D9F6 /* YGNStandardTaskViewController+setUpEditorStyle.m */,
				13CCACEA23B604BE0088D9F6 /* YGNStandardTaskViewController+drawAction.h */,
				13CCACEB23B604BE0088D9F6 /* YGNStandardTaskViewController+drawAction.m */,
			);
			path = standard;
			sourceTree = "<group>";
		};
		13CCACAD23B460600088D9F6 /* RNModules */ = {
			isa = PBXGroup;
			children = (
				13CCACAE23B4607E0088D9F6 /* YGNRNModule.h */,
				13CCACAF23B4607E0088D9F6 /* YGNRNModule.m */,
			);
			path = RNModules;
			sourceTree = "<group>";
		};
		13CCACB123B461E70088D9F6 /* PrintBeautifulLog */ = {
			isa = PBXGroup;
			children = (
				13CCACB223B461E70088D9F6 /* PrintBeautifulLog.h */,
				13CCACB523B461E70088D9F6 /* PrintBeautifulLog.m */,
				13CCACB423B461E70088D9F6 /* NSObject+XKController.h */,
				13CCACB323B461E70088D9F6 /* NSObject+XKController.m */,
				13CCACDE23B5D4110088D9F6 /* UIColor+RGBA.h */,
				13CCACDD23B5D4110088D9F6 /* UIColor+RGBA.m */,
			);
			path = PrintBeautifulLog;
			sourceTree = "<group>";
		};
		13CCACC223B49BB20088D9F6 /* API */ = {
			isa = PBXGroup;
			children = (
				13CCACC323B49BC00088D9F6 /* tianditu */,
			);
			path = API;
			sourceTree = "<group>";
		};
		13CCACC323B49BC00088D9F6 /* tianditu */ = {
			isa = PBXGroup;
			children = (
				13CCACC423B49BC00088D9F6 /* tianditu.json */,
				13CCACC523B49BC00088D9F6 /* TianDiTuLayer.h */,
				13CCACC623B49BC00088D9F6 /* TianDiTuLayerInfo.m */,
				13CCACC723B49BC00088D9F6 /* TianDiTuLayer.m */,
				13CCACC823B49BC00088D9F6 /* TianDiTuLayerInfo.h */,
			);
			path = tianditu;
			sourceTree = "<group>";
		};
		13CCACCF23B5B3E40088D9F6 /* model */ = {
			isa = PBXGroup;
			children = (
				13CCACD123B5B4240088D9F6 /* YNBLayerModel.h */,
				13CCACD023B5B4240088D9F6 /* YNBLayerModel.m */,
			);
			name = model;
			path = SunShineRN/model;
			sourceTree = "<group>";
		};
		13CCACD323B5D18A0088D9F6 /* Views */ = {
			isa = PBXGroup;
			children = (
				13CCACE723B5E6810088D9F6 /* YNBStandardTaskLengendView.h */,
				13CCACE823B5E6810088D9F6 /* YNBStandardTaskLengendView.m */,
				13CCACE323B5E1FB0088D9F6 /* DDButtonView.h */,
				13CCACE423B5E1FC0088D9F6 /* DDButtonView.m */,
				13CCACDB23B5D3550088D9F6 /* YNBStandardToolView.h */,
				13CCACDA23B5D3540088D9F6 /* YNBStandardToolView.m */,
				13CCACD723B5D20A0088D9F6 /* YNBMapToolsView.h */,
				13CCACD823B5D20A0088D9F6 /* YNBMapToolsView.m */,
				13CCACD523B5D1C00088D9F6 /* YNBMapItemView.h */,
				13CCACD423B5D1C00088D9F6 /* YNBMapItemView.m */,
			);
			path = Views;
			sourceTree = "<group>";
		};
		13CCACED23B60BCB0088D9F6 /* utils */ = {
			isa = PBXGroup;
			children = (
				13CCACF123B61AD50088D9F6 /* CRToast */,
				13CCACEF23B60C1D0088D9F6 /* YNBGeometryUtil.h */,
				13CCACEE23B60C1D0088D9F6 /* YNBGeometryUtil.m */,
			);
			name = utils;
			path = SunShineRN/utils;
			sourceTree = "<group>";
		};
		13CCACF123B61AD50088D9F6 /* CRToast */ = {
			isa = PBXGroup;
			children = (
				13CCACF223B61AD50088D9F6 /* CRToastWindow.h */,
				13CCACF323B61AD50088D9F6 /* CRToastManager.m */,
				13CCACF423B61AD50088D9F6 /* CRToastView.h */,
				13CCACF523B61AD50088D9F6 /* CRToastViewController.m */,
				13CCACF623B61AD50088D9F6 /* CRToastConfig.h */,
				13CCACF723B61AD50088D9F6 /* CRToast.h */,
				13CCACF823B61AD50088D9F6 /* CRToastView.m */,
				13CCACF923B61AD50088D9F6 /* CRToastManager.h */,
				13CCACFA23B61AD50088D9F6 /* CRToastWindow.m */,
				13CCACFB23B61AD50088D9F6 /* CRToastLayoutHelpers.h */,
				13CCACFC23B61AD50088D9F6 /* CRToastConfig.m */,
				13CCACFD23B61AD50088D9F6 /* CRToastViewController.h */,
			);
			path = CRToast;
			sourceTree = "<group>";
		};
		2D16E6871FA4F8E400B85C8A /* Frameworks */ = {
			isa = PBXGroup;
			children = (
				13CCACBB23B47C250088D9F6 /* ArcGIS.framework */,
				ED297162215061F000B7C4FE /* JavaScriptCore.framework */,
				ED2971642150620600B7C4FE /* JavaScriptCore.framework */,
				D4F7BBD9635106D5D3485572 /* libPods-SunShineRN.a */,
				C8B78B7267EF3AA94086A97B /* libPods-SunShineRN-tvOS.a */,
				A7DA406B0968E74222642D6A /* libPods-SunShineRN-tvOSTests.a */,
				8B8F4AB00843E7A6201D2871 /* libPods-SunShineRNTests.a */,
			);
			name = Frameworks;
			sourceTree = "<group>";
		};
		539B039832ED4D3CA8725E31 /* Resources */ = {
			isa = PBXGroup;
			children = (
				51A525B4CB2941009BCB31A7 /* Entypo.ttf */,
				7C1DF867AD5C4805810A34A1 /* EvilIcons.ttf */,
				60250189BC8148FAA7A2D02D /* Feather.ttf */,
				C4A718D75AE74471896FB569 /* FontAwesome.ttf */,
				FB8CCF54C7114D41923F9318 /* Foundation.ttf */,
				C300AC55484F4D76BEF2EF2C /* Ionicons.ttf */,
				A14C8A4BA3464B71B95FC750 /* MaterialCommunityIcons.ttf */,
				CAECE24E65344ABCB3EB0C69 /* MaterialIcons.ttf */,
				4ACCDB2DB16E44DA9253969D /* Octicons.ttf */,
				01972F543EEC4AA7A8F089A4 /* SimpleLineIcons.ttf */,
				22C834CE200E43E09905A686 /* Zocial.ttf */,
				96E22C080CEB402D8B2BAE34 /* antfill.ttf */,
				9253F16290B2442ABD865296 /* antoutline.ttf */,
				69F3C7951EE04DA5825E4373 /* AntDesign.ttf */,
				9F751C158ABD4E2CBB1F32A2 /* Entypo.ttf */,
				5FB76BB8B8804E43AF97853E /* EvilIcons.ttf */,
				7AE581EEE0654EBDBAF7C328 /* Feather.ttf */,
				1C71DCF6C8DB4E69B922FE51 /* FontAwesome.ttf */,
				ACDAB7F74A024E30A57EA822 /* FontAwesome5_Brands.ttf */,
				7CEFD97EAD4247558531C0F2 /* FontAwesome5_Regular.ttf */,
				16A028D4D45441FCB8193C58 /* FontAwesome5_Solid.ttf */,
				BDFAAF6C4E5F4740B1D7F063 /* Fontisto.ttf */,
				8AF41128A3B34EF788F68167 /* Foundation.ttf */,
				EAB2B58DD86B4A12B6700F67 /* Ionicons.ttf */,
				38FF59DC41CC4F89BD143906 /* MaterialCommunityIcons.ttf */,
				70E0C2313597447FBBA45095 /* MaterialIcons.ttf */,
				5C7D8FC800A94A1B94543282 /* Octicons.ttf */,
				086516FA5B2C4831B04F6897 /* Roboto_medium.ttf */,
				EAC3F17C04D140FDBD404B53 /* Roboto.ttf */,
				F9452035A6CB448E8789097B /* rubicon-icon-font.ttf */,
				73BAE56F0D044923AABD82CB /* SimpleLineIcons.ttf */,
				C7D17D7A8F654C6A963FB2E1 /* Zocial.ttf */,
			);
			name = Resources;
			sourceTree = "<group>";
		};
		832341AE1AAA6A7D00B99B32 /* Libraries */ = {
			isa = PBXGroup;
			children = (
			);
			name = Libraries;
			sourceTree = "<group>";
		};
		83CBB9F61A601CBA00E9B192 = {
			isa = PBXGroup;
			children = (
				13B07FAE1A68108700A75B9A /* SunShineRN */,
				832341AE1AAA6A7D00B99B32 /* Libraries */,
				00E356EF1AD99517003FC87E /* SunShineRNTests */,
				83CBBA001A601CBA00E9B192 /* Products */,
				2D16E6871FA4F8E400B85C8A /* Frameworks */,
				9E1CFB801C8946426CF684E6 /* Pods */,
				539B039832ED4D3CA8725E31 /* Resources */,
			);
			indentWidth = 2;
			sourceTree = "<group>";
			tabWidth = 2;
			usesTabs = 0;
		};
		83CBBA001A601CBA00E9B192 /* Products */ = {
			isa = PBXGroup;
			children = (
				13B07F961A680F5B00A75B9A /* SunShineRN.app */,
			);
			name = Products;
			sourceTree = "<group>";
		};
		9E1CFB801C8946426CF684E6 /* Pods */ = {
			isa = PBXGroup;
			children = (
				29E572060F30AF9E2AD2A7D9 /* Pods-SunShineRN.debug.xcconfig */,
				3483A210E494B8B2DA63A135 /* Pods-SunShineRN.release.xcconfig */,
				461CFB4D5B732533573C3EBA /* Pods-SunShineRN-tvOS.debug.xcconfig */,
				7E700AFA17B67D5357512BB3 /* Pods-SunShineRN-tvOS.release.xcconfig */,
				132B4C215A2862C0F4654CCF /* Pods-SunShineRN-tvOSTests.debug.xcconfig */,
				D9BB9262ECB8A75C1FCCB6B3 /* Pods-SunShineRN-tvOSTests.release.xcconfig */,
				8BC262A3EC6699B1F33B6E44 /* Pods-SunShineRNTests.debug.xcconfig */,
				2DF620838487298FF1BF368D /* Pods-SunShineRNTests.release.xcconfig */,
			);
			path = Pods;
			sourceTree = "<group>";
		};
/* End PBXGroup section */

/* Begin PBXNativeTarget section */
		13B07F861A680F5B00A75B9A /* SunShineRN */ = {
			isa = PBXNativeTarget;
			buildConfigurationList = 13B07F931A680F5B00A75B9A /* Build configuration list for PBXNativeTarget "SunShineRN" */;
			buildPhases = (
				6EC9D4ADE9A3F0ACBCF20B42 /* [CP] Check Pods Manifest.lock */,
				FD10A7F022414F080027D42C /* Start Packager */,
				13B07F871A680F5B00A75B9A /* Sources */,
				13B07F8C1A680F5B00A75B9A /* Frameworks */,
				13B07F8E1A680F5B00A75B9A /* Resources */,
				00DD1BFF1BD5951E006B06BC /* Bundle React Native code and images */,
				BFAF1AF4BD89C926FC9E333A /* [CP] Copy Pods Resources */,
				13CCACC023B47CBB0088D9F6 /* Embed Frameworks */,
				13CCACC123B47D730088D9F6 /* ShellScript */,
			);
			buildRules = (
			);
			dependencies = (
			);
			name = SunShineRN;
			productName = SunShineRN;
			productReference = 13B07F961A680F5B00A75B9A /* SunShineRN.app */;
			productType = "com.apple.product-type.application";
		};
/* End PBXNativeTarget section */

/* Begin PBXProject section */
		83CBB9F71A601CBA00E9B192 /* Project object */ = {
			isa = PBXProject;
			attributes = {
				LastUpgradeCheck = 940;
				ORGANIZATIONNAME = Facebook;
				TargetAttributes = {
					13B07F861A680F5B00A75B9A = {
						DevelopmentTeam = 64QP8GDRNN;
					};
				};
			};
			buildConfigurationList = 83CBB9FA1A601CBA00E9B192 /* Build configuration list for PBXProject "SunShineRN" */;
			compatibilityVersion = "Xcode 3.2";
			developmentRegion = English;
			hasScannedForEncodings = 0;
			knownRegions = (
				English,
				en,
				Base,
			);
			mainGroup = 83CBB9F61A601CBA00E9B192;
			productRefGroup = 83CBBA001A601CBA00E9B192 /* Products */;
			projectDirPath = "";
			projectRoot = "";
			targets = (
				13B07F861A680F5B00A75B9A /* SunShineRN */,
			);
		};
/* End PBXProject section */

/* Begin PBXResourcesBuildPhase section */
		13B07F8E1A680F5B00A75B9A /* Resources */ = {
			isa = PBXResourcesBuildPhase;
			buildActionMask = 2147483647;
			files = (
				13B07FBF1A68108700A75B9A /* Images.xcassets in Resources */,
				13B07FBD1A68108700A75B9A /* LaunchScreen.xib in Resources */,
				8A80B14EBD8A444CBCBCEE73 /* antfill.ttf in Resources */,
				975B185DA50D4DEEAE12112B /* antoutline.ttf in Resources */,
				265DB4B1AFA84E3EB9CAF2E8 /* AntDesign.ttf in Resources */,
				1222DB8894934FBD9AA99A50 /* Entypo.ttf in Resources */,
				78DF35B367684AB5B7E0F08A /* EvilIcons.ttf in Resources */,
				13CCACC923B49BC00088D9F6 /* tianditu.json in Resources */,
				46998C82120745878BFBA765 /* Feather.ttf in Resources */,
				099E28D916C64EC4800D2FC4 /* FontAwesome.ttf in Resources */,
				720EA408ABE64067988E051B /* FontAwesome5_Brands.ttf in Resources */,
				AB7518872FDF441992DBEFB9 /* FontAwesome5_Regular.ttf in Resources */,
				65C669D9215747F7ACB5B5E4 /* FontAwesome5_Solid.ttf in Resources */,
				97754C0CFAA24CF58C677D87 /* Fontisto.ttf in Resources */,
				3174649B3BB2407BB0058D4C /* Foundation.ttf in Resources */,
				A817A2CDFCB94C69B009F835 /* Ionicons.ttf in Resources */,
				AD94E68B77064E43B5C05F24 /* MaterialCommunityIcons.ttf in Resources */,
				13EB1800A8634A5FA8B4723A /* MaterialIcons.ttf in Resources */,
				4B5B5C34C9AC42639286C94C /* Octicons.ttf in Resources */,
				A0C82F3203FC4B18AF3D9B92 /* Roboto_medium.ttf in Resources */,
				6820713F42DB41F9AB21B806 /* Roboto.ttf in Resources */,
				F6693ECF48D94C9D86B2BF42 /* rubicon-icon-font.ttf in Resources */,
				97E93AC3CFC948D2AAC5E5F6 /* SimpleLineIcons.ttf in Resources */,
				3DFCB2F218A249519C0725CD /* Zocial.ttf in Resources */,
			);
			runOnlyForDeploymentPostprocessing = 0;
		};
/* End PBXResourcesBuildPhase section */

/* Begin PBXShellScriptBuildPhase section */
		00DD1BFF1BD5951E006B06BC /* Bundle React Native code and images */ = {
			isa = PBXShellScriptBuildPhase;
			buildActionMask = 2147483647;
			files = (
			);
			inputPaths = (
			);
			name = "Bundle React Native code and images";
			outputPaths = (
			);
			runOnlyForDeploymentPostprocessing = 0;
			shellPath = /bin/sh;
			shellScript = "export NODE_BINARY=node\n../node_modules/react-native/scripts/react-native-xcode.sh\n";
		};
		13CCACC123B47D730088D9F6 /* ShellScript */ = {
			isa = PBXShellScriptBuildPhase;
			buildActionMask = 2147483647;
			files = (
			);
			inputFileListPaths = (
			);
			inputPaths = (
			);
			outputFileListPaths = (
			);
			outputPaths = (
			);
			runOnlyForDeploymentPostprocessing = 0;
			shellPath = /bin/sh;
			shellScript = "bash \"${BUILT_PRODUCTS_DIR}/${FRAMEWORKS_FOLDER_PATH}/ArcGIS.framework/strip-frameworks.sh\"\n";
		};
		6EC9D4ADE9A3F0ACBCF20B42 /* [CP] Check Pods Manifest.lock */ = {
			isa = PBXShellScriptBuildPhase;
			buildActionMask = 2147483647;
			files = (
			);
			inputFileListPaths = (
			);
			inputPaths = (
				"${PODS_PODFILE_DIR_PATH}/Podfile.lock",
				"${PODS_ROOT}/Manifest.lock",
			);
			name = "[CP] Check Pods Manifest.lock";
			outputFileListPaths = (
			);
			outputPaths = (
				"$(DERIVED_FILE_DIR)/Pods-SunShineRN-checkManifestLockResult.txt",
			);
			runOnlyForDeploymentPostprocessing = 0;
			shellPath = /bin/sh;
			shellScript = "diff \"${PODS_PODFILE_DIR_PATH}/Podfile.lock\" \"${PODS_ROOT}/Manifest.lock\" > /dev/null\nif [ $? != 0 ] ; then\n    # print error to STDERR\n    echo \"error: The sandbox is not in sync with the Podfile.lock. Run 'pod install' or update your CocoaPods installation.\" >&2\n    exit 1\nfi\n# This output is used by Xcode 'outputs' to avoid re-running this script phase.\necho \"SUCCESS\" > \"${SCRIPT_OUTPUT_FILE_0}\"\n";
			showEnvVarsInLog = 0;
		};
		BFAF1AF4BD89C926FC9E333A /* [CP] Copy Pods Resources */ = {
			isa = PBXShellScriptBuildPhase;
			buildActionMask = 2147483647;
			files = (
			);
			inputPaths = (
				"${PODS_ROOT}/Target Support Files/Pods-SunShineRN/Pods-SunShineRN-resources.sh",
				"${PODS_CONFIGURATION_BUILD_DIR}/DXPopover/DXPopover.bundle",
				"${PODS_ROOT}/IQKeyboardManager/IQKeyboardManager/Resources/IQKeyboardManager.bundle",
				"${PODS_ROOT}/LCTabBarController/LCTabBarController/LCTabBarController.bundle",
				"${PODS_ROOT}/../../node_modules/react-native-vector-icons/Fonts/AntDesign.ttf",
				"${PODS_ROOT}/../../node_modules/react-native-vector-icons/Fonts/Entypo.ttf",
				"${PODS_ROOT}/../../node_modules/react-native-vector-icons/Fonts/EvilIcons.ttf",
				"${PODS_ROOT}/../../node_modules/react-native-vector-icons/Fonts/Feather.ttf",
				"${PODS_ROOT}/../../node_modules/react-native-vector-icons/Fonts/FontAwesome.ttf",
				"${PODS_ROOT}/../../node_modules/react-native-vector-icons/Fonts/FontAwesome5_Brands.ttf",
				"${PODS_ROOT}/../../node_modules/react-native-vector-icons/Fonts/FontAwesome5_Regular.ttf",
				"${PODS_ROOT}/../../node_modules/react-native-vector-icons/Fonts/FontAwesome5_Solid.ttf",
				"${PODS_ROOT}/../../node_modules/react-native-vector-icons/Fonts/Fontisto.ttf",
				"${PODS_ROOT}/../../node_modules/react-native-vector-icons/Fonts/Foundation.ttf",
				"${PODS_ROOT}/../../node_modules/react-native-vector-icons/Fonts/Ionicons.ttf",
				"${PODS_ROOT}/../../node_modules/react-native-vector-icons/Fonts/MaterialCommunityIcons.ttf",
				"${PODS_ROOT}/../../node_modules/react-native-vector-icons/Fonts/MaterialIcons.ttf",
				"${PODS_ROOT}/../../node_modules/react-native-vector-icons/Fonts/Octicons.ttf",
				"${PODS_ROOT}/../../node_modules/react-native-vector-icons/Fonts/SimpleLineIcons.ttf",
				"${PODS_ROOT}/../../node_modules/react-native-vector-icons/Fonts/Zocial.ttf",
				"${PODS_ROOT}/RSKImageCropper/RSKImageCropper/RSKImageCropperStrings.bundle",
			);
			name = "[CP] Copy Pods Resources";
			outputPaths = (
				"${TARGET_BUILD_DIR}/${UNLOCALIZED_RESOURCES_FOLDER_PATH}/DXPopover.bundle",
				"${TARGET_BUILD_DIR}/${UNLOCALIZED_RESOURCES_FOLDER_PATH}/IQKeyboardManager.bundle",
				"${TARGET_BUILD_DIR}/${UNLOCALIZED_RESOURCES_FOLDER_PATH}/LCTabBarController.bundle",
				"${TARGET_BUILD_DIR}/${UNLOCALIZED_RESOURCES_FOLDER_PATH}/AntDesign.ttf",
				"${TARGET_BUILD_DIR}/${UNLOCALIZED_RESOURCES_FOLDER_PATH}/Entypo.ttf",
				"${TARGET_BUILD_DIR}/${UNLOCALIZED_RESOURCES_FOLDER_PATH}/EvilIcons.ttf",
				"${TARGET_BUILD_DIR}/${UNLOCALIZED_RESOURCES_FOLDER_PATH}/Feather.ttf",
				"${TARGET_BUILD_DIR}/${UNLOCALIZED_RESOURCES_FOLDER_PATH}/FontAwesome.ttf",
				"${TARGET_BUILD_DIR}/${UNLOCALIZED_RESOURCES_FOLDER_PATH}/FontAwesome5_Brands.ttf",
				"${TARGET_BUILD_DIR}/${UNLOCALIZED_RESOURCES_FOLDER_PATH}/FontAwesome5_Regular.ttf",
				"${TARGET_BUILD_DIR}/${UNLOCALIZED_RESOURCES_FOLDER_PATH}/FontAwesome5_Solid.ttf",
				"${TARGET_BUILD_DIR}/${UNLOCALIZED_RESOURCES_FOLDER_PATH}/Fontisto.ttf",
				"${TARGET_BUILD_DIR}/${UNLOCALIZED_RESOURCES_FOLDER_PATH}/Foundation.ttf",
				"${TARGET_BUILD_DIR}/${UNLOCALIZED_RESOURCES_FOLDER_PATH}/Ionicons.ttf",
				"${TARGET_BUILD_DIR}/${UNLOCALIZED_RESOURCES_FOLDER_PATH}/MaterialCommunityIcons.ttf",
				"${TARGET_BUILD_DIR}/${UNLOCALIZED_RESOURCES_FOLDER_PATH}/MaterialIcons.ttf",
				"${TARGET_BUILD_DIR}/${UNLOCALIZED_RESOURCES_FOLDER_PATH}/Octicons.ttf",
				"${TARGET_BUILD_DIR}/${UNLOCALIZED_RESOURCES_FOLDER_PATH}/SimpleLineIcons.ttf",
				"${TARGET_BUILD_DIR}/${UNLOCALIZED_RESOURCES_FOLDER_PATH}/Zocial.ttf",
				"${TARGET_BUILD_DIR}/${UNLOCALIZED_RESOURCES_FOLDER_PATH}/RSKImageCropperStrings.bundle",
			);
			runOnlyForDeploymentPostprocessing = 0;
			shellPath = /bin/sh;
			shellScript = "\"${PODS_ROOT}/Target Support Files/Pods-SunShineRN/Pods-SunShineRN-resources.sh\"\n";
			showEnvVarsInLog = 0;
		};
		FD10A7F022414F080027D42C /* Start Packager */ = {
			isa = PBXShellScriptBuildPhase;
			buildActionMask = 2147483647;
			files = (
			);
			inputFileListPaths = (
			);
			inputPaths = (
			);
			name = "Start Packager";
			outputFileListPaths = (
			);
			outputPaths = (
			);
			runOnlyForDeploymentPostprocessing = 0;
			shellPath = /bin/sh;
			shellScript = "export RCT_METRO_PORT=\"${RCT_METRO_PORT:=8081}\"\necho \"export RCT_METRO_PORT=${RCT_METRO_PORT}\" > \"${SRCROOT}/../node_modules/react-native/scripts/.packager.env\"\nif [ -z \"${RCT_NO_LAUNCH_PACKAGER+xxx}\" ] ; then\n  if nc -w 5 -z localhost ${RCT_METRO_PORT} ; then\n    if ! curl -s \"http://localhost:${RCT_METRO_PORT}/status\" | grep -q \"packager-status:running\" ; then\n      echo \"Port ${RCT_METRO_PORT} already in use, packager is either not running or not running correctly\"\n      exit 2\n    fi\n  else\n    open \"$SRCROOT/../node_modules/react-native/scripts/launchPackager.command\" || echo \"Can't start packager automatically\"\n  fi\nfi\n";
			showEnvVarsInLog = 0;
		};
/* End PBXShellScriptBuildPhase section */

/* Begin PBXSourcesBuildPhase section */
		13B07F871A680F5B00A75B9A /* Sources */ = {
			isa = PBXSourcesBuildPhase;
			buildActionMask = 2147483647;
			files = (
				13CCACB723B461E80088D9F6 /* PrintBeautifulLog.m in Sources */,
				13CCACCE23B59B5C0088D9F6 /* YGNStandardTaskViewController+SetupSubviews.m in Sources */,
				13CCACE223B5D9F90088D9F6 /* YGNStandardTaskViewController+setUpEditorStyle.m in Sources */,
				13CCACCB23B49BC00088D9F6 /* TianDiTuLayer.m in Sources */,
				13CCACFF23B61AD50088D9F6 /* CRToastViewController.m in Sources */,
				13CCACB023B4607E0088D9F6 /* YGNRNModule.m in Sources */,
				13CCACCA23B49BC00088D9F6 /* TianDiTuLayerInfo.m in Sources */,
				13CCACDF23B5D4110088D9F6 /* UIColor+RGBA.m in Sources */,
				13CCAD0223B61AD50088D9F6 /* CRToastConfig.m in Sources */,
				13CCACD623B5D1C00088D9F6 /* YNBMapItemView.m in Sources */,
				13CCACE523B5E1FC0088D9F6 /* DDButtonView.m in Sources */,
				13CCAD0123B61AD50088D9F6 /* CRToastWindow.m in Sources */,
				13CCACAC23B45B990088D9F6 /* YGNStandardTaskViewController.m in Sources */,
				13CCACF023B60C1D0088D9F6 /* YNBGeometryUtil.m in Sources */,
				13CCACD923B5D20A0088D9F6 /* YNBMapToolsView.m in Sources */,
				13CCAD0023B61AD50088D9F6 /* CRToastView.m in Sources */,
				13CCACEC23B604BE0088D9F6 /* YGNStandardTaskViewController+drawAction.m in Sources */,
				13B07FBC1A68108700A75B9A /* AppDelegate.m in Sources */,
				13CCACFE23B61AD50088D9F6 /* CRToastManager.m in Sources */,
				13CCACE923B5E6810088D9F6 /* YNBStandardTaskLengendView.m in Sources */,
				13B07FC11A68108700A75B9A /* main.m in Sources */,
				13CCACB623B461E80088D9F6 /* NSObject+XKController.m in Sources */,
				13CCACD223B5B4240088D9F6 /* YNBLayerModel.m in Sources */,
				13CCACDC23B5D3550088D9F6 /* YNBStandardToolView.m in Sources */,
			);
			runOnlyForDeploymentPostprocessing = 0;
		};
/* End PBXSourcesBuildPhase section */

/* Begin PBXVariantGroup section */
		13B07FB11A68108700A75B9A /* LaunchScreen.xib */ = {
			isa = PBXVariantGroup;
			children = (
				13B07FB21A68108700A75B9A /* Base */,
			);
			name = LaunchScreen.xib;
			path = SunShineRN;
			sourceTree = "<group>";
		};
/* End PBXVariantGroup section */

/* Begin XCBuildConfiguration section */
		13B07F941A680F5B00A75B9A /* Debug */ = {
			isa = XCBuildConfiguration;
			baseConfigurationReference = 29E572060F30AF9E2AD2A7D9 /* Pods-SunShineRN.debug.xcconfig */;
			buildSettings = {
				ASSETCATALOG_COMPILER_APPICON_NAME = AppIcon;
				CURRENT_PROJECT_VERSION = 1;
				DEAD_CODE_STRIPPING = NO;
				DEVELOPMENT_TEAM = 64QP8GDRNN;
				FRAMEWORK_SEARCH_PATHS = (
					"$(inherited)",
					"$(PROJECT_DIR)",
					"$(USER_LIBRARY_DIR)/SDKs/ArcGIS/iOS/Frameworks/Dynamic",
				);
				GCC_PRECOMPILE_PREFIX_HEADER = YES;
				GCC_PREFIX_HEADER = "$(SRCROOT)/SunShineRN/Sunshine_PrefixHeader.pch";
				INFOPLIST_FILE = SunShineRN/Info.plist;
				LD_RUNPATH_SEARCH_PATHS = "$(inherited) @executable_path/Frameworks";
				OTHER_LDFLAGS = (
					"$(inherited)",
					"-ObjC",
					"-lc++",
				);
				PRODUCT_BUNDLE_IDENTIFIER = "org.reactjs.native.example.$(PRODUCT_NAME:rfc1034identifier)";
				PRODUCT_NAME = SunShineRN;
				VERSIONING_SYSTEM = "apple-generic";
			};
			name = Debug;
		};
		13B07F951A680F5B00A75B9A /* Release */ = {
			isa = XCBuildConfiguration;
			baseConfigurationReference = 3483A210E494B8B2DA63A135 /* Pods-SunShineRN.release.xcconfig */;
			buildSettings = {
				ASSETCATALOG_COMPILER_APPICON_NAME = AppIcon;
				CURRENT_PROJECT_VERSION = 1;
				DEVELOPMENT_TEAM = 64QP8GDRNN;
				FRAMEWORK_SEARCH_PATHS = (
					"$(inherited)",
					"$(PROJECT_DIR)",
					"$(USER_LIBRARY_DIR)/SDKs/ArcGIS/iOS/Frameworks/Dynamic",
				);
				GCC_PRECOMPILE_PREFIX_HEADER = YES;
				GCC_PREFIX_HEADER = "$(SRCROOT)/SunShineRN/Sunshine_PrefixHeader.pch";
				INFOPLIST_FILE = SunShineRN/Info.plist;
				LD_RUNPATH_SEARCH_PATHS = "$(inherited) @executable_path/Frameworks";
				OTHER_LDFLAGS = (
					"$(inherited)",
					"-ObjC",
					"-lc++",
				);
				PRODUCT_BUNDLE_IDENTIFIER = "org.reactjs.native.example.$(PRODUCT_NAME:rfc1034identifier)";
				PRODUCT_NAME = SunShineRN;
				VERSIONING_SYSTEM = "apple-generic";
			};
			name = Release;
		};
		83CBBA201A601CBA00E9B192 /* Debug */ = {
			isa = XCBuildConfiguration;
			buildSettings = {
				ALWAYS_SEARCH_USER_PATHS = NO;
				CLANG_CXX_LANGUAGE_STANDARD = "gnu++0x";
				CLANG_CXX_LIBRARY = "libc++";
				CLANG_ENABLE_MODULES = YES;
				CLANG_ENABLE_OBJC_ARC = YES;
				CLANG_WARN_BLOCK_CAPTURE_AUTORELEASING = YES;
				CLANG_WARN_BOOL_CONVERSION = YES;
				CLANG_WARN_COMMA = YES;
				CLANG_WARN_CONSTANT_CONVERSION = YES;
				CLANG_WARN_DEPRECATED_OBJC_IMPLEMENTATIONS = YES;
				CLANG_WARN_DIRECT_OBJC_ISA_USAGE = YES_ERROR;
				CLANG_WARN_EMPTY_BODY = YES;
				CLANG_WARN_ENUM_CONVERSION = YES;
				CLANG_WARN_INFINITE_RECURSION = YES;
				CLANG_WARN_INT_CONVERSION = YES;
				CLANG_WARN_NON_LITERAL_NULL_CONVERSION = YES;
				CLANG_WARN_OBJC_IMPLICIT_RETAIN_SELF = YES;
				CLANG_WARN_OBJC_LITERAL_CONVERSION = YES;
				CLANG_WARN_OBJC_ROOT_CLASS = YES_ERROR;
				CLANG_WARN_RANGE_LOOP_ANALYSIS = YES;
				CLANG_WARN_STRICT_PROTOTYPES = YES;
				CLANG_WARN_SUSPICIOUS_MOVE = YES;
				CLANG_WARN_UNREACHABLE_CODE = YES;
				CLANG_WARN__DUPLICATE_METHOD_MATCH = YES;
				"CODE_SIGN_IDENTITY[sdk=iphoneos*]" = "iPhone Developer";
				COPY_PHASE_STRIP = NO;
				ENABLE_STRICT_OBJC_MSGSEND = YES;
				ENABLE_TESTABILITY = YES;
				GCC_C_LANGUAGE_STANDARD = gnu99;
				GCC_DYNAMIC_NO_PIC = NO;
				GCC_NO_COMMON_BLOCKS = YES;
				GCC_OPTIMIZATION_LEVEL = 0;
				GCC_PREPROCESSOR_DEFINITIONS = (
					"DEBUG=1",
					"$(inherited)",
				);
				GCC_SYMBOLS_PRIVATE_EXTERN = NO;
				GCC_WARN_64_TO_32_BIT_CONVERSION = YES;
				GCC_WARN_ABOUT_RETURN_TYPE = YES_ERROR;
				GCC_WARN_UNDECLARED_SELECTOR = YES;
				GCC_WARN_UNINITIALIZED_AUTOS = YES_AGGRESSIVE;
				GCC_WARN_UNUSED_FUNCTION = YES;
				GCC_WARN_UNUSED_VARIABLE = YES;
				HEADER_SEARCH_PATHS = "";
				IPHONEOS_DEPLOYMENT_TARGET = 9.0;
				MTL_ENABLE_DEBUG_INFO = YES;
				ONLY_ACTIVE_ARCH = YES;
				SDKROOT = iphoneos;
			};
			name = Debug;
		};
		83CBBA211A601CBA00E9B192 /* Release */ = {
			isa = XCBuildConfiguration;
			buildSettings = {
				ALWAYS_SEARCH_USER_PATHS = NO;
				CLANG_CXX_LANGUAGE_STANDARD = "gnu++0x";
				CLANG_CXX_LIBRARY = "libc++";
				CLANG_ENABLE_MODULES = YES;
				CLANG_ENABLE_OBJC_ARC = YES;
				CLANG_WARN_BLOCK_CAPTURE_AUTORELEASING = YES;
				CLANG_WARN_BOOL_CONVERSION = YES;
				CLANG_WARN_COMMA = YES;
				CLANG_WARN_CONSTANT_CONVERSION = YES;
				CLANG_WARN_DEPRECATED_OBJC_IMPLEMENTATIONS = YES;
				CLANG_WARN_DIRECT_OBJC_ISA_USAGE = YES_ERROR;
				CLANG_WARN_EMPTY_BODY = YES;
				CLANG_WARN_ENUM_CONVERSION = YES;
				CLANG_WARN_INFINITE_RECURSION = YES;
				CLANG_WARN_INT_CONVERSION = YES;
				CLANG_WARN_NON_LITERAL_NULL_CONVERSION = YES;
				CLANG_WARN_OBJC_IMPLICIT_RETAIN_SELF = YES;
				CLANG_WARN_OBJC_LITERAL_CONVERSION = YES;
				CLANG_WARN_OBJC_ROOT_CLASS = YES_ERROR;
				CLANG_WARN_RANGE_LOOP_ANALYSIS = YES;
				CLANG_WARN_STRICT_PROTOTYPES = YES;
				CLANG_WARN_SUSPICIOUS_MOVE = YES;
				CLANG_WARN_UNREACHABLE_CODE = YES;
				CLANG_WARN__DUPLICATE_METHOD_MATCH = YES;
				"CODE_SIGN_IDENTITY[sdk=iphoneos*]" = "iPhone Developer";
				COPY_PHASE_STRIP = YES;
				ENABLE_NS_ASSERTIONS = NO;
				ENABLE_STRICT_OBJC_MSGSEND = YES;
				GCC_C_LANGUAGE_STANDARD = gnu99;
				GCC_NO_COMMON_BLOCKS = YES;
				GCC_WARN_64_TO_32_BIT_CONVERSION = YES;
				GCC_WARN_ABOUT_RETURN_TYPE = YES_ERROR;
				GCC_WARN_UNDECLARED_SELECTOR = YES;
				GCC_WARN_UNINITIALIZED_AUTOS = YES_AGGRESSIVE;
				GCC_WARN_UNUSED_FUNCTION = YES;
				GCC_WARN_UNUSED_VARIABLE = YES;
				HEADER_SEARCH_PATHS = "";
				IPHONEOS_DEPLOYMENT_TARGET = 9.0;
				MTL_ENABLE_DEBUG_INFO = NO;
				SDKROOT = iphoneos;
				VALIDATE_PRODUCT = YES;
			};
			name = Release;
		};
/* End XCBuildConfiguration section */

/* Begin XCConfigurationList section */
		13B07F931A680F5B00A75B9A /* Build configuration list for PBXNativeTarget "SunShineRN" */ = {
			isa = XCConfigurationList;
			buildConfigurations = (
				13B07F941A680F5B00A75B9A /* Debug */,
				13B07F951A680F5B00A75B9A /* Release */,
			);
			defaultConfigurationIsVisible = 0;
			defaultConfigurationName = Release;
		};
		83CBB9FA1A601CBA00E9B192 /* Build configuration list for PBXProject "SunShineRN" */ = {
			isa = XCConfigurationList;
			buildConfigurations = (
				83CBBA201A601CBA00E9B192 /* Debug */,
				83CBBA211A601CBA00E9B192 /* Release */,
			);
			defaultConfigurationIsVisible = 0;
			defaultConfigurationName = Release;
		};
/* End XCConfigurationList section */
	};
	rootObject = 83CBB9F71A601CBA00E9B192 /* Project object */;
}
